
Microsoft Visual Studio Solution File, Format Version 12.00
# Visual Studio Version 17
VisualStudioVersion = 17.4.33213.308
MinimumVisualStudioVersion = 10.0.40219.1
Project("{FAE04EC0-301F-11D3-BF4B-00C04F79EFBC}") = "SistemaInventario", "SistemaInventario\SistemaInventario.csproj", "{27CE578A-1376-40FD-B8CA-1B73CFF98BAC}"
EndProject
Global
	GlobalSection(SolutionConfigurationPlatforms) = preSolution
		Debug|Any CPU = Debug|Any CPU
		Release|Any CPU = Release|Any CPU
	EndGlobalSection
	GlobalSection(ProjectConfigurationPlatforms) = postSolution
		{27CE578A-1376-40FD-B8CA-1B73CFF98BAC}.Debug|Any CPU.ActiveCfg = Debug|Any CPU
		{27CE578A-1376-40FD-B8CA-1B73CFF98BAC}.Debug|Any CPU.Build.0 = Debug|Any CPU
		{27CE578A-1376-40FD-B8CA-1B73CFF98BAC}.Release|Any CPU.ActiveCfg = Release|Any CPU
		{27CE578A-1376-40FD-B8CA-1B73CFF98BAC}.Release|Any CPU.Build.0 = Release|Any CPU
	EndGlobalSection
	GlobalSection(SolutionProperties) = preSolution
		HideSolutionNode = FALSE
	EndGlobalSection
	GlobalSection(ExtensibilityGlobals) = postSolution
		SolutionGuid = {C758A963-A1ED-4239-B4DD-A40C7EA39981}
	EndGlobalSection
EndGlobal
